
Microsoft Visual Studio Solution File, Format Version 12.00
# Visual Studio Version 16
VisualStudioVersion = 16.0.29911.84
MinimumVisualStudioVersion = 10.0.40219.1
Project("{FAE04EC0-301F-11D3-BF4B-00C04F79EFBC}") = "MicroService2", "MicroService2\MicroService2.csproj", "{42069770-151D-4C04-BBB3-F44D70C1F2F9}"
EndProject
Project("{FAE04EC0-301F-11D3-BF4B-00C04F79EFBC}") = "MicroServiceBase", "MicroServiceBase\MicroServiceBase.csproj", "{A6769A69-E300-494D-8D36-DE8BFF95B8CF}"
EndProject
Project("{FAE04EC0-301F-11D3-BF4B-00C04F79EFBC}") = "MicroService1", "MicroService1\MicroService1.csproj", "{AA90FB53-9F77-473B-9AF2-CB074D2B0A34}"
EndProject
Global
	GlobalSection(SolutionConfigurationPlatforms) = preSolution
		Debug|Any CPU = Debug|Any CPU
		Release|Any CPU = Release|Any CPU
	EndGlobalSection
	GlobalSection(ProjectConfigurationPlatforms) = postSolution
		{42069770-151D-4C04-BBB3-F44D70C1F2F9}.Debug|Any CPU.ActiveCfg = Debug|Any CPU
		{42069770-151D-4C04-BBB3-F44D70C1F2F9}.Debug|Any CPU.Build.0 = Debug|Any CPU
		{42069770-151D-4C04-BBB3-F44D70C1F2F9}.Release|Any CPU.ActiveCfg = Release|Any CPU
		{42069770-151D-4C04-BBB3-F44D70C1F2F9}.Release|Any CPU.Build.0 = Release|Any CPU
		{A6769A69-E300-494D-8D36-DE8BFF95B8CF}.Debug|Any CPU.ActiveCfg = Debug|Any CPU
		{A6769A69-E300-494D-8D36-DE8BFF95B8CF}.Debug|Any CPU.Build.0 = Debug|Any CPU
		{A6769A69-E300-494D-8D36-DE8BFF95B8CF}.Release|Any CPU.ActiveCfg = Release|Any CPU
		{A6769A69-E300-494D-8D36-DE8BFF95B8CF}.Release|Any CPU.Build.0 = Release|Any CPU
		{AA90FB53-9F77-473B-9AF2-CB074D2B0A34}.Debug|Any CPU.ActiveCfg = Debug|Any CPU
		{AA90FB53-9F77-473B-9AF2-CB074D2B0A34}.Debug|Any CPU.Build.0 = Debug|Any CPU
		{AA90FB53-9F77-473B-9AF2-CB074D2B0A34}.Release|Any CPU.ActiveCfg = Release|Any CPU
		{AA90FB53-9F77-473B-9AF2-CB074D2B0A34}.Release|Any CPU.Build.0 = Release|Any CPU
	EndGlobalSection
	GlobalSection(SolutionProperties) = preSolution
		HideSolutionNode = FALSE
	EndGlobalSection
	GlobalSection(ExtensibilityGlobals) = postSolution
		SolutionGuid = {0BEA7EC0-77DD-4076-8133-2104981240D7}
	EndGlobalSection
EndGlobal
